
Microsoft Visual Studio Solution File, Format Version 12.00
# Visual Studio 15
VisualStudioVersion = 15.0.27703.2035
MinimumVisualStudioVersion = 10.0.40219.1
Project("{FAE04EC0-301F-11D3-BF4B-00C04F79EFBC}") = "Program", "Program\Program.csproj", "{960995B1-558C-4117-9E93-EAE8231A8088}"
EndProject
Global
	GlobalSection(SolutionConfigurationPlatforms) = preSolution
		Debug|Any CPU = Debug|Any CPU
		Release|Any CPU = Release|Any CPU
	EndGlobalSection
	GlobalSection(ProjectConfigurationPlatforms) = postSolution
		{960995B1-558C-4117-9E93-EAE8231A8088}.Debug|Any CPU.ActiveCfg = Debug|Any CPU
		{960995B1-558C-4117-9E93-EAE8231A8088}.Debug|Any CPU.Build.0 = Debug|Any CPU
		{960995B1-558C-4117-9E93-EAE8231A8088}.Release|Any CPU.ActiveCfg = Release|Any CPU
		{960995B1-558C-4117-9E93-EAE8231A8088}.Release|Any CPU.Build.0 = Release|Any CPU
	EndGlobalSection
	GlobalSection(SolutionProperties) = preSolution
		HideSolutionNode = FALSE
	EndGlobalSection
	GlobalSection(ExtensibilityGlobals) = postSolution
		SolutionGuid = {96137CCC-E07C-45FB-94F5-7C8AE1B9A518}
	EndGlobalSection
EndGlobal
